
Microsoft Visual Studio Solution File, Format Version 12.00
# Visual Studio Version 16
VisualStudioVersion = 16.0.28803.352
MinimumVisualStudioVersion = 10.0.40219.1
Project("{9A19103F-16F7-4668-BE54-9A1E7A4F7556}") = "BlueTofuEngine.Core", "BlueTofuEngine.Core\BlueTofuEngine.Core.csproj", "{2054F52F-286C-4F8D-B9C2-E92B292F0642}"
EndProject
Project("{9A19103F-16F7-4668-BE54-9A1E7A4F7556}") = "BlueTofuEngine.World", "BlueTofuEngine.World\BlueTofuEngine.World.csproj", "{B5871A2E-F626-43E3-A3F0-B0A0F88E487F}"
EndProject
Project("{9A19103F-16F7-4668-BE54-9A1E7A4F7556}") = "BlueTofuEngine.LoginServer", "BlueTofuEngine.LoginServer\BlueTofuEngine.LoginServer.csproj", "{215A8723-F33E-4584-92ED-349E74E22351}"
EndProject
Project("{2150E333-8FDC-42A3-9474-1A3956D46DE8}") = "Modules", "Modules", "{9D052CEC-54E6-4D55-A766-A32402EF0636}"
EndProject
Project("{9A19103F-16F7-4668-BE54-9A1E7A4F7556}") = "BlueTofuEngine.BypassLogin", "Modules\BlueTofuEngine.BypassLogin\BlueTofuEngine.BypassLogin.csproj", "{571E6B5D-BBE9-46F6-B6D9-C3D2160DF5CB}"
EndProject
Project("{9A19103F-16F7-4668-BE54-9A1E7A4F7556}") = "ErpoowEngine", "ErpoowEngine\ErpoowEngine.csproj", "{F37A0468-0A77-4050-B2B9-B25549554910}"
EndProject
Project("{9A19103F-16F7-4668-BE54-9A1E7A4F7556}") = "BlueTofuEngine.GameServer", "BlueTofuEngine.GameServer\BlueTofuEngine.GameServer.csproj", "{BB7FD899-02E9-4901-A50B-AA8854B171D8}"
EndProject
Project("{9A19103F-16F7-4668-BE54-9A1E7A4F7556}") = "BlueTofuEngine.CharacterSelectionBypass", "Modules\BlueTofuEngine.CharacterSelectionBypass\BlueTofuEngine.CharacterSelectionBypass.csproj", "{AB705657-7EEE-4622-8C45-655B8C4B0323}"
EndProject
Project("{2150E333-8FDC-42A3-9474-1A3956D46DE8}") = "Utils", "Utils", "{F9DBD0C2-8573-4669-A11E-A38BE8FF7FB1}"
EndProject
Project("{9A19103F-16F7-4668-BE54-9A1E7A4F7556}") = "D2DataReader", "Utils\D2DataReader\D2DataReader.csproj", "{3247EAA2-A24F-477D-B513-B532811D6F5B}"
EndProject
Project("{9A19103F-16F7-4668-BE54-9A1E7A4F7556}") = "Debug", "Debug\Debug.csproj", "{407957A9-04A2-4143-A1E3-EA0A7F92E42D}"
EndProject
Project("{2150E333-8FDC-42A3-9474-1A3956D46DE8}") = "GameServer", "GameServer", "{951B1F68-14F9-4E3D-B841-733007A8A27D}"
EndProject
Project("{9A19103F-16F7-4668-BE54-9A1E7A4F7556}") = "BlueTofuEngine.GameServer.Core", "BlueTofuEngine.GameServer.Core\BlueTofuEngine.GameServer.Core.csproj", "{AA83C212-58AC-4FCE-AC20-248A2A4F82BB}"
EndProject
Project("{2150E333-8FDC-42A3-9474-1A3956D46DE8}") = "Game", "Game", "{670B2B6C-5BE4-4DE3-AA46-2E2446D69680}"
EndProject
Project("{2150E333-8FDC-42A3-9474-1A3956D46DE8}") = "ByPass", "ByPass", "{A3355D7C-72A7-44AF-8401-37C0C6A07897}"
EndProject
Project("{9A19103F-16F7-4668-BE54-9A1E7A4F7556}") = "BlueTofuEngine.Module.GameContext", "Modules\BlueTofuEngine.Module.GameContext\BlueTofuEngine.Module.GameContext.csproj", "{1AE6BFC4-DDF2-4BA1-8F42-B6BD38B04856}"
EndProject
Project("{2150E333-8FDC-42A3-9474-1A3956D46DE8}") = "GameContext", "GameContext", "{0E3E3A33-53E3-4701-A304-FE5AB41D24B9}"
EndProject
Project("{9A19103F-16F7-4668-BE54-9A1E7A4F7556}") = "BlueTofuEngine.Module.GameContext.Core", "Modules\BlueTofuEngine.Module.GameContext.Core\BlueTofuEngine.Module.GameContext.Core.csproj", "{CE9AD894-E058-45B5-92D6-3FA03034577F}"
EndProject
Project("{2150E333-8FDC-42A3-9474-1A3956D46DE8}") = "Fight", "Fight", "{39497B59-B0C9-4A5B-AAB8-4A148181DBC2}"
EndProject
Project("{9A19103F-16F7-4668-BE54-9A1E7A4F7556}") = "BlueTofuEngine.Module.Stats", "Modules\BlueTofuEngine.Module.Stats\BlueTofuEngine.Module.Stats.csproj", "{5BABD9C7-DE0B-496F-BDA0-B4966F9B258A}"
EndProject
Project("{9A19103F-16F7-4668-BE54-9A1E7A4F7556}") = "BlueTofuEngine.Module.Stats.Core", "Modules\BlueTofuEngine.Module.Stats.Core\BlueTofuEngine.Module.Stats.Core.csproj", "{60B9F962-C803-4F12-A3E1-278BE2B4A32F}"
EndProject
Project("{FAE04EC0-301F-11D3-BF4B-00C04F79EFBC}") = "D2MapViewer", "Utils\D2MapViewer\D2MapViewer.csproj", "{E875F4BC-A7BE-4957-84F5-06E37DF3DFE3}"
EndProject
Project("{9A19103F-16F7-4668-BE54-9A1E7A4F7556}") = "D2DataLib", "Utils\D2DataLib\D2DataLib.csproj", "{7CB31E01-1314-4CDC-A9FF-B0A60B3BF5C6}"
EndProject
Project("{9A19103F-16F7-4668-BE54-9A1E7A4F7556}") = "D2MessageFinder", "Utils\D2MessageFinder\D2MessageFinder.csproj", "{FFE0FB03-27F8-4DF8-B889-832182556A05}"
EndProject
Project("{9A19103F-16F7-4668-BE54-9A1E7A4F7556}") = "D2TextInformationSeparator", "Utils\D2TextInformationSeparator.cs\D2TextInformationSeparator.csproj", "{7C6860F0-75C8-40ED-A178-C9862AD1B60C}"
EndProject
Project("{2150E333-8FDC-42A3-9474-1A3956D46DE8}") = "Chat", "Chat", "{5C7B07A4-D251-48E5-91ED-03415E776AEA}"
EndProject
Project("{9A19103F-16F7-4668-BE54-9A1E7A4F7556}") = "BlueTofuEngine.Module.Chat", "Modules\BlueTofuEngine.Module.Chat\BlueTofuEngine.Module.Chat.csproj", "{36C5DC91-4C5B-42BB-8450-3A03803CCA09}"
EndProject
Project("{9A19103F-16F7-4668-BE54-9A1E7A4F7556}") = "BlueTofuEngine.Module.Chat.Core", "Modules\BlueTofuEngine.Module.Chat.Core\BlueTofuEngine.Module.Chat.Core.csproj", "{D9093094-38E0-4F5D-B00C-731DCFA205AB}"
EndProject
Project("{2150E333-8FDC-42A3-9474-1A3956D46DE8}") = "Common", "Common", "{968EAF77-B2E5-41B2-84BC-4607BDCC4F9E}"
EndProject
Project("{2150E333-8FDC-42A3-9474-1A3956D46DE8}") = "Basic", "Basic", "{CEC31027-53D0-4AD5-81ED-59DAF2044989}"
EndProject
Project("{9A19103F-16F7-4668-BE54-9A1E7A4F7556}") = "BlueTofuEngine.Modules.CommonBasic", "Modules\BlueTofuEngine.Modules.CommonBasic\BlueTofuEngine.Modules.CommonBasic.csproj", "{5A689182-CC93-4B37-A5F2-E4B9D3F74AED}"
EndProject
Project("{2150E333-8FDC-42A3-9474-1A3956D46DE8}") = "Account", "Account", "{4CC8BFFA-E6C8-4DC0-BE29-F22E611394B8}"
EndProject
Project("{9A19103F-16F7-4668-BE54-9A1E7A4F7556}") = "BlueTofuEngine.Module.Account.Core", "Modules\BlueTofuEngine.Module.Account.Core\BlueTofuEngine.Module.Account.Core.csproj", "{646DE563-278F-40DF-8696-6B9C25F98C9D}"
EndProject
Project("{9A19103F-16F7-4668-BE54-9A1E7A4F7556}") = "BlueTofuEngine.Module.Base", "Modules\BlueTofuEngine.Module.Base\BlueTofuEngine.Module.Base.csproj", "{65D7C1E5-9C93-41A0-9D68-DFFFF3F0E2C1}"
EndProject
Project("{2150E333-8FDC-42A3-9474-1A3956D46DE8}") = "Login", "Login", "{3CBF7C51-0311-48FB-AAF3-14A00B1BB988}"
EndProject
Project("{9A19103F-16F7-4668-BE54-9A1E7A4F7556}") = "BlueTofuEngine.Module.RdmLogin", "Modules\BlueTofuEngine.Module.RdmLogin\BlueTofuEngine.Module.RdmLogin.csproj", "{7F64E07D-F7BB-4435-905C-9C992639C00C}"
EndProject
Project("{9A19103F-16F7-4668-BE54-9A1E7A4F7556}") = "BlueTofuEngine.Module.BaseLogin", "Modules\BlueTofuEngine.Module.BaseLogin\BlueTofuEngine.Module.BaseLogin.csproj", "{6AF469A4-EAAD-42A2-A40F-E88AC9C63FA1}"
EndProject
Project("{2150E333-8FDC-42A3-9474-1A3956D46DE8}") = "RawDataMessage", "RawDataMessage", "{6762A3E3-3120-4E87-ADEA-7DB56D3639A4}"
EndProject
Project("{2150E333-8FDC-42A3-9474-1A3956D46DE8}") = "Servers", "Servers", "{77A81889-C96D-4495-9CC7-F76B92884EA1}"
EndProject
Project("{2150E333-8FDC-42A3-9474-1A3956D46DE8}") = "LoginServer", "LoginServer", "{7EB37929-6794-41E7-9E11-9D783F150C13}"
EndProject
Project("{FAE04EC0-301F-11D3-BF4B-00C04F79EFBC}") = "BlueTofuEngine.LoginServer.Core", "BlueTofuEngine.LoginServer.Core\BlueTofuEngine.LoginServer.Core.csproj", "{DC212814-9AFC-4EC8-B348-E5FAA15CBBCF}"
EndProject
Project("{FAE04EC0-301F-11D3-BF4B-00C04F79EFBC}") = "BlueTofuEngine.Module.Account", "Modules\BlueTofuEngine.Module.Account\BlueTofuEngine.Module.Account.csproj", "{4BFD02FA-7FB3-4489-928E-43C7646B5C50}"
EndProject
Global
	GlobalSection(SolutionConfigurationPlatforms) = preSolution
		Debug|Any CPU = Debug|Any CPU
		Release|Any CPU = Release|Any CPU
	EndGlobalSection
	GlobalSection(ProjectConfigurationPlatforms) = postSolution
		{2054F52F-286C-4F8D-B9C2-E92B292F0642}.Debug|Any CPU.ActiveCfg = Debug|Any CPU
		{2054F52F-286C-4F8D-B9C2-E92B292F0642}.Debug|Any CPU.Build.0 = Debug|Any CPU
		{2054F52F-286C-4F8D-B9C2-E92B292F0642}.Release|Any CPU.ActiveCfg = Release|Any CPU
		{2054F52F-286C-4F8D-B9C2-E92B292F0642}.Release|Any CPU.Build.0 = Release|Any CPU
		{B5871A2E-F626-43E3-A3F0-B0A0F88E487F}.Debug|Any CPU.ActiveCfg = Debug|Any CPU
		{B5871A2E-F626-43E3-A3F0-B0A0F88E487F}.Debug|Any CPU.Build.0 = Debug|Any CPU
		{B5871A2E-F626-43E3-A3F0-B0A0F88E487F}.Release|Any CPU.ActiveCfg = Release|Any CPU
		{B5871A2E-F626-43E3-A3F0-B0A0F88E487F}.Release|Any CPU.Build.0 = Release|Any CPU
		{215A8723-F33E-4584-92ED-349E74E22351}.Debug|Any CPU.ActiveCfg = Debug|Any CPU
		{215A8723-F33E-4584-92ED-349E74E22351}.Debug|Any CPU.Build.0 = Debug|Any CPU
		{215A8723-F33E-4584-92ED-349E74E22351}.Release|Any CPU.ActiveCfg = Release|Any CPU
		{215A8723-F33E-4584-92ED-349E74E22351}.Release|Any CPU.Build.0 = Release|Any CPU
		{571E6B5D-BBE9-46F6-B6D9-C3D2160DF5CB}.Debug|Any CPU.ActiveCfg = Debug|Any CPU
		{571E6B5D-BBE9-46F6-B6D9-C3D2160DF5CB}.Debug|Any CPU.Build.0 = Debug|Any CPU
		{571E6B5D-BBE9-46F6-B6D9-C3D2160DF5CB}.Release|Any CPU.ActiveCfg = Release|Any CPU
		{571E6B5D-BBE9-46F6-B6D9-C3D2160DF5CB}.Release|Any CPU.Build.0 = Release|Any CPU
		{F37A0468-0A77-4050-B2B9-B25549554910}.Debug|Any CPU.ActiveCfg = Debug|Any CPU
		{F37A0468-0A77-4050-B2B9-B25549554910}.Debug|Any CPU.Build.0 = Debug|Any CPU
		{F37A0468-0A77-4050-B2B9-B25549554910}.Release|Any CPU.ActiveCfg = Release|Any CPU
		{F37A0468-0A77-4050-B2B9-B25549554910}.Release|Any CPU.Build.0 = Release|Any CPU
		{BB7FD899-02E9-4901-A50B-AA8854B171D8}.Debug|Any CPU.ActiveCfg = Debug|Any CPU
		{BB7FD899-02E9-4901-A50B-AA8854B171D8}.Debug|Any CPU.Build.0 = Debug|Any CPU
		{BB7FD899-02E9-4901-A50B-AA8854B171D8}.Release|Any CPU.ActiveCfg = Release|Any CPU
		{BB7FD899-02E9-4901-A50B-AA8854B171D8}.Release|Any CPU.Build.0 = Release|Any CPU
		{AB705657-7EEE-4622-8C45-655B8C4B0323}.Debug|Any CPU.ActiveCfg = Debug|Any CPU
		{AB705657-7EEE-4622-8C45-655B8C4B0323}.Debug|Any CPU.Build.0 = Debug|Any CPU
		{AB705657-7EEE-4622-8C45-655B8C4B0323}.Release|Any CPU.ActiveCfg = Release|Any CPU
		{AB705657-7EEE-4622-8C45-655B8C4B0323}.Release|Any CPU.Build.0 = Release|Any CPU
		{3247EAA2-A24F-477D-B513-B532811D6F5B}.Debug|Any CPU.ActiveCfg = Debug|Any CPU
		{3247EAA2-A24F-477D-B513-B532811D6F5B}.Debug|Any CPU.Build.0 = Debug|Any CPU
		{3247EAA2-A24F-477D-B513-B532811D6F5B}.Release|Any CPU.ActiveCfg = Release|Any CPU
		{3247EAA2-A24F-477D-B513-B532811D6F5B}.Release|Any CPU.Build.0 = Release|Any CPU
		{407957A9-04A2-4143-A1E3-EA0A7F92E42D}.Debug|Any CPU.ActiveCfg = Debug|Any CPU
		{407957A9-04A2-4143-A1E3-EA0A7F92E42D}.Debug|Any CPU.Build.0 = Debug|Any CPU
		{407957A9-04A2-4143-A1E3-EA0A7F92E42D}.Release|Any CPU.ActiveCfg = Release|Any CPU
		{407957A9-04A2-4143-A1E3-EA0A7F92E42D}.Release|Any CPU.Build.0 = Release|Any CPU
		{AA83C212-58AC-4FCE-AC20-248A2A4F82BB}.Debug|Any CPU.ActiveCfg = Debug|Any CPU
		{AA83C212-58AC-4FCE-AC20-248A2A4F82BB}.Debug|Any CPU.Build.0 = Debug|Any CPU
		{AA83C212-58AC-4FCE-AC20-248A2A4F82BB}.Release|Any CPU.ActiveCfg = Release|Any CPU
		{AA83C212-58AC-4FCE-AC20-248A2A4F82BB}.Release|Any CPU.Build.0 = Release|Any CPU
		{1AE6BFC4-DDF2-4BA1-8F42-B6BD38B04856}.Debug|Any CPU.ActiveCfg = Debug|Any CPU
		{1AE6BFC4-DDF2-4BA1-8F42-B6BD38B04856}.Debug|Any CPU.Build.0 = Debug|Any CPU
		{1AE6BFC4-DDF2-4BA1-8F42-B6BD38B04856}.Release|Any CPU.ActiveCfg = Release|Any CPU
		{1AE6BFC4-DDF2-4BA1-8F42-B6BD38B04856}.Release|Any CPU.Build.0 = Release|Any CPU
		{CE9AD894-E058-45B5-92D6-3FA03034577F}.Debug|Any CPU.ActiveCfg = Debug|Any CPU
		{CE9AD894-E058-45B5-92D6-3FA03034577F}.Debug|Any CPU.Build.0 = Debug|Any CPU
		{CE9AD894-E058-45B5-92D6-3FA03034577F}.Release|Any CPU.ActiveCfg = Release|Any CPU
		{CE9AD894-E058-45B5-92D6-3FA03034577F}.Release|Any CPU.Build.0 = Release|Any CPU
		{5BABD9C7-DE0B-496F-BDA0-B4966F9B258A}.Debug|Any CPU.ActiveCfg = Debug|Any CPU
		{5BABD9C7-DE0B-496F-BDA0-B4966F9B258A}.Debug|Any CPU.Build.0 = Debug|Any CPU
		{5BABD9C7-DE0B-496F-BDA0-B4966F9B258A}.Release|Any CPU.ActiveCfg = Release|Any CPU
		{5BABD9C7-DE0B-496F-BDA0-B4966F9B258A}.Release|Any CPU.Build.0 = Release|Any CPU
		{60B9F962-C803-4F12-A3E1-278BE2B4A32F}.Debug|Any CPU.ActiveCfg = Debug|Any CPU
		{60B9F962-C803-4F12-A3E1-278BE2B4A32F}.Debug|Any CPU.Build.0 = Debug|Any CPU
		{60B9F962-C803-4F12-A3E1-278BE2B4A32F}.Release|Any CPU.ActiveCfg = Release|Any CPU
		{60B9F962-C803-4F12-A3E1-278BE2B4A32F}.Release|Any CPU.Build.0 = Release|Any CPU
		{E875F4BC-A7BE-4957-84F5-06E37DF3DFE3}.Debug|Any CPU.ActiveCfg = Debug|Any CPU
		{E875F4BC-A7BE-4957-84F5-06E37DF3DFE3}.Debug|Any CPU.Build.0 = Debug|Any CPU
		{E875F4BC-A7BE-4957-84F5-06E37DF3DFE3}.Release|Any CPU.ActiveCfg = Release|Any CPU
		{E875F4BC-A7BE-4957-84F5-06E37DF3DFE3}.Release|Any CPU.Build.0 = Release|Any CPU
		{7CB31E01-1314-4CDC-A9FF-B0A60B3BF5C6}.Debug|Any CPU.ActiveCfg = Debug|Any CPU
		{7CB31E01-1314-4CDC-A9FF-B0A60B3BF5C6}.Debug|Any CPU.Build.0 = Debug|Any CPU
		{7CB31E01-1314-4CDC-A9FF-B0A60B3BF5C6}.Release|Any CPU.ActiveCfg = Release|Any CPU
		{7CB31E01-1314-4CDC-A9FF-B0A60B3BF5C6}.Release|Any CPU.Build.0 = Release|Any CPU
		{FFE0FB03-27F8-4DF8-B889-832182556A05}.Debug|Any CPU.ActiveCfg = Debug|Any CPU
		{FFE0FB03-27F8-4DF8-B889-832182556A05}.Debug|Any CPU.Build.0 = Debug|Any CPU
		{FFE0FB03-27F8-4DF8-B889-832182556A05}.Release|Any CPU.ActiveCfg = Release|Any CPU
		{FFE0FB03-27F8-4DF8-B889-832182556A05}.Release|Any CPU.Build.0 = Release|Any CPU
		{7C6860F0-75C8-40ED-A178-C9862AD1B60C}.Debug|Any CPU.ActiveCfg = Debug|Any CPU
		{7C6860F0-75C8-40ED-A178-C9862AD1B60C}.Debug|Any CPU.Build.0 = Debug|Any CPU
		{7C6860F0-75C8-40ED-A178-C9862AD1B60C}.Release|Any CPU.ActiveCfg = Release|Any CPU
		{7C6860F0-75C8-40ED-A178-C9862AD1B60C}.Release|Any CPU.Build.0 = Release|Any CPU
		{36C5DC91-4C5B-42BB-8450-3A03803CCA09}.Debug|Any CPU.ActiveCfg = Debug|Any CPU
		{36C5DC91-4C5B-42BB-8450-3A03803CCA09}.Debug|Any CPU.Build.0 = Debug|Any CPU
		{36C5DC91-4C5B-42BB-8450-3A03803CCA09}.Release|Any CPU.ActiveCfg = Release|Any CPU
		{36C5DC91-4C5B-42BB-8450-3A03803CCA09}.Release|Any CPU.Build.0 = Release|Any CPU
		{D9093094-38E0-4F5D-B00C-731DCFA205AB}.Debug|Any CPU.ActiveCfg = Debug|Any CPU
		{D9093094-38E0-4F5D-B00C-731DCFA205AB}.Debug|Any CPU.Build.0 = Debug|Any CPU
		{D9093094-38E0-4F5D-B00C-731DCFA205AB}.Release|Any CPU.ActiveCfg = Release|Any CPU
		{D9093094-38E0-4F5D-B00C-731DCFA205AB}.Release|Any CPU.Build.0 = Release|Any CPU
		{5A689182-CC93-4B37-A5F2-E4B9D3F74AED}.Debug|Any CPU.ActiveCfg = Debug|Any CPU
		{5A689182-CC93-4B37-A5F2-E4B9D3F74AED}.Debug|Any CPU.Build.0 = Debug|Any CPU
		{5A689182-CC93-4B37-A5F2-E4B9D3F74AED}.Release|Any CPU.ActiveCfg = Release|Any CPU
		{5A689182-CC93-4B37-A5F2-E4B9D3F74AED}.Release|Any CPU.Build.0 = Release|Any CPU
		{646DE563-278F-40DF-8696-6B9C25F98C9D}.Debug|Any CPU.ActiveCfg = Debug|Any CPU
		{646DE563-278F-40DF-8696-6B9C25F98C9D}.Debug|Any CPU.Build.0 = Debug|Any CPU
		{646DE563-278F-40DF-8696-6B9C25F98C9D}.Release|Any CPU.ActiveCfg = Release|Any CPU
		{646DE563-278F-40DF-8696-6B9C25F98C9D}.Release|Any CPU.Build.0 = Release|Any CPU
		{65D7C1E5-9C93-41A0-9D68-DFFFF3F0E2C1}.Debug|Any CPU.ActiveCfg = Debug|Any CPU
		{65D7C1E5-9C93-41A0-9D68-DFFFF3F0E2C1}.Debug|Any CPU.Build.0 = Debug|Any CPU
		{65D7C1E5-9C93-41A0-9D68-DFFFF3F0E2C1}.Release|Any CPU.ActiveCfg = Release|Any CPU
		{65D7C1E5-9C93-41A0-9D68-DFFFF3F0E2C1}.Release|Any CPU.Build.0 = Release|Any CPU
		{7F64E07D-F7BB-4435-905C-9C992639C00C}.Debug|Any CPU.ActiveCfg = Debug|Any CPU
		{7F64E07D-F7BB-4435-905C-9C992639C00C}.Debug|Any CPU.Build.0 = Debug|Any CPU
		{7F64E07D-F7BB-4435-905C-9C992639C00C}.Release|Any CPU.ActiveCfg = Release|Any CPU
		{7F64E07D-F7BB-4435-905C-9C992639C00C}.Release|Any CPU.Build.0 = Release|Any CPU
		{6AF469A4-EAAD-42A2-A40F-E88AC9C63FA1}.Debug|Any CPU.ActiveCfg = Debug|Any CPU
		{6AF469A4-EAAD-42A2-A40F-E88AC9C63FA1}.Debug|Any CPU.Build.0 = Debug|Any CPU
		{6AF469A4-EAAD-42A2-A40F-E88AC9C63FA1}.Release|Any CPU.ActiveCfg = Release|Any CPU
		{6AF469A4-EAAD-42A2-A40F-E88AC9C63FA1}.Release|Any CPU.Build.0 = Release|Any CPU
		{DC212814-9AFC-4EC8-B348-E5FAA15CBBCF}.Debug|Any CPU.ActiveCfg = Debug|Any CPU
		{DC212814-9AFC-4EC8-B348-E5FAA15CBBCF}.Debug|Any CPU.Build.0 = Debug|Any CPU
		{DC212814-9AFC-4EC8-B348-E5FAA15CBBCF}.Release|Any CPU.ActiveCfg = Release|Any CPU
		{DC212814-9AFC-4EC8-B348-E5FAA15CBBCF}.Release|Any CPU.Build.0 = Release|Any CPU
		{4BFD02FA-7FB3-4489-928E-43C7646B5C50}.Debug|Any CPU.ActiveCfg = Debug|Any CPU
		{4BFD02FA-7FB3-4489-928E-43C7646B5C50}.Debug|Any CPU.Build.0 = Debug|Any CPU
		{4BFD02FA-7FB3-4489-928E-43C7646B5C50}.Release|Any CPU.ActiveCfg = Release|Any CPU
		{4BFD02FA-7FB3-4489-928E-43C7646B5C50}.Release|Any CPU.Build.0 = Release|Any CPU
	EndGlobalSection
	GlobalSection(SolutionProperties) = preSolution
		HideSolutionNode = FALSE
	EndGlobalSection
	GlobalSection(NestedProjects) = preSolution
		{215A8723-F33E-4584-92ED-349E74E22351} = {7EB37929-6794-41E7-9E11-9D783F150C13}
		{571E6B5D-BBE9-46F6-B6D9-C3D2160DF5CB} = {A3355D7C-72A7-44AF-8401-37C0C6A07897}
		{BB7FD899-02E9-4901-A50B-AA8854B171D8} = {951B1F68-14F9-4E3D-B841-733007A8A27D}
		{AB705657-7EEE-4622-8C45-655B8C4B0323} = {A3355D7C-72A7-44AF-8401-37C0C6A07897}
		{3247EAA2-A24F-477D-B513-B532811D6F5B} = {F9DBD0C2-8573-4669-A11E-A38BE8FF7FB1}
		{951B1F68-14F9-4E3D-B841-733007A8A27D} = {77A81889-C96D-4495-9CC7-F76B92884EA1}
		{AA83C212-58AC-4FCE-AC20-248A2A4F82BB} = {951B1F68-14F9-4E3D-B841-733007A8A27D}
		{670B2B6C-5BE4-4DE3-AA46-2E2446D69680} = {9D052CEC-54E6-4D55-A766-A32402EF0636}
		{A3355D7C-72A7-44AF-8401-37C0C6A07897} = {9D052CEC-54E6-4D55-A766-A32402EF0636}
		{1AE6BFC4-DDF2-4BA1-8F42-B6BD38B04856} = {0E3E3A33-53E3-4701-A304-FE5AB41D24B9}
		{0E3E3A33-53E3-4701-A304-FE5AB41D24B9} = {670B2B6C-5BE4-4DE3-AA46-2E2446D69680}
		{CE9AD894-E058-45B5-92D6-3FA03034577F} = {0E3E3A33-53E3-4701-A304-FE5AB41D24B9}
		{39497B59-B0C9-4A5B-AAB8-4A148181DBC2} = {670B2B6C-5BE4-4DE3-AA46-2E2446D69680}
		{5BABD9C7-DE0B-496F-BDA0-B4966F9B258A} = {39497B59-B0C9-4A5B-AAB8-4A148181DBC2}
		{60B9F962-C803-4F12-A3E1-278BE2B4A32F} = {39497B59-B0C9-4A5B-AAB8-4A148181DBC2}
		{E875F4BC-A7BE-4957-84F5-06E37DF3DFE3} = {F9DBD0C2-8573-4669-A11E-A38BE8FF7FB1}
		{7CB31E01-1314-4CDC-A9FF-B0A60B3BF5C6} = {F9DBD0C2-8573-4669-A11E-A38BE8FF7FB1}
		{FFE0FB03-27F8-4DF8-B889-832182556A05} = {F9DBD0C2-8573-4669-A11E-A38BE8FF7FB1}
		{7C6860F0-75C8-40ED-A178-C9862AD1B60C} = {F9DBD0C2-8573-4669-A11E-A38BE8FF7FB1}
		{5C7B07A4-D251-48E5-91ED-03415E776AEA} = {670B2B6C-5BE4-4DE3-AA46-2E2446D69680}
		{36C5DC91-4C5B-42BB-8450-3A03803CCA09} = {5C7B07A4-D251-48E5-91ED-03415E776AEA}
		{D9093094-38E0-4F5D-B00C-731DCFA205AB} = {5C7B07A4-D251-48E5-91ED-03415E776AEA}
		{968EAF77-B2E5-41B2-84BC-4607BDCC4F9E} = {9D052CEC-54E6-4D55-A766-A32402EF0636}
		{CEC31027-53D0-4AD5-81ED-59DAF2044989} = {968EAF77-B2E5-41B2-84BC-4607BDCC4F9E}
		{5A689182-CC93-4B37-A5F2-E4B9D3F74AED} = {CEC31027-53D0-4AD5-81ED-59DAF2044989}
		{4CC8BFFA-E6C8-4DC0-BE29-F22E611394B8} = {968EAF77-B2E5-41B2-84BC-4607BDCC4F9E}
		{646DE563-278F-40DF-8696-6B9C25F98C9D} = {4CC8BFFA-E6C8-4DC0-BE29-F22E611394B8}
		{65D7C1E5-9C93-41A0-9D68-DFFFF3F0E2C1} = {968EAF77-B2E5-41B2-84BC-4607BDCC4F9E}
		{3CBF7C51-0311-48FB-AAF3-14A00B1BB988} = {9D052CEC-54E6-4D55-A766-A32402EF0636}
		{7F64E07D-F7BB-4435-905C-9C992639C00C} = {6762A3E3-3120-4E87-ADEA-7DB56D3639A4}
		{6AF469A4-EAAD-42A2-A40F-E88AC9C63FA1} = {3CBF7C51-0311-48FB-AAF3-14A00B1BB988}
		{6762A3E3-3120-4E87-ADEA-7DB56D3639A4} = {3CBF7C51-0311-48FB-AAF3-14A00B1BB988}
		{7EB37929-6794-41E7-9E11-9D783F150C13} = {77A81889-C96D-4495-9CC7-F76B92884EA1}
		{DC212814-9AFC-4EC8-B348-E5FAA15CBBCF} = {7EB37929-6794-41E7-9E11-9D783F150C13}
		{4BFD02FA-7FB3-4489-928E-43C7646B5C50} = {4CC8BFFA-E6C8-4DC0-BE29-F22E611394B8}
	EndGlobalSection
	GlobalSection(ExtensibilityGlobals) = postSolution
		SolutionGuid = {497D3D38-783A-4CCB-AE76-D1C5CC0A6160}
	EndGlobalSection
EndGlobal
